// !$*UTF8*$!
{
	archiveVersion = 1;
	classes = {
	};
	objectVersion = 56;
	objects = {

/* Begin PBXBuildFile section */
		3DF4554329E6E967002FB66D /* CarvixApp.swift in Sources */ = {isa = PBXBuildFile; fileRef = 3DF4554229E6E967002FB66D /* CarvixApp.swift */; };
		3DF4554529E6E967002FB66D /* ContentView.swift in Sources */ = {isa = PBXBuildFile; fileRef = 3DF4554429E6E967002FB66D /* ContentView.swift */; };
		3DF4554729E6E968002FB66D /* Assets.xcassets in Resources */ = {isa = PBXBuildFile; fileRef = 3DF4554629E6E968002FB66D /* Assets.xcassets */; };
		3DF4554A29E6E968002FB66D /* Preview Assets.xcassets in Resources */ = {isa = PBXBuildFile; fileRef = 3DF4554929E6E968002FB66D /* Preview Assets.xcassets */; };
		3DF4555429E6E968002FB66D /* CarvixTests.swift in Sources */ = {isa = PBXBuildFile; fileRef = 3DF4555329E6E968002FB66D /* CarvixTests.swift */; };
		3DF4555E29E6E968002FB66D /* CarvixUITests.swift in Sources */ = {isa = PBXBuildFile; fileRef = 3DF4555D29E6E968002FB66D /* CarvixUITests.swift */; };
		3DF4556029E6E968002FB66D /* CarvixUITestsLaunchTests.swift in Sources */ = {isa = PBXBuildFile; fileRef = 3DF4555F29E6E968002FB66D /* CarvixUITestsLaunchTests.swift */; };
/* End PBXBuildFile section */

/* Begin PBXContainerItemProxy section */
		3DF4555029E6E968002FB66D /* PBXContainerItemProxy */ = {
			isa = PBXContainerItemProxy;
			containerPortal = 3DF4553729E6E967002FB66D /* Project object */;
			proxyType = 1;
			remoteGlobalIDString = 3DF4553E29E6E967002FB66D;
			remoteInfo = Carvix;
		};
		3DF4555A29E6E968002FB66D /* PBXContainerItemProxy */ = {
			isa = PBXContainerItemProxy;
			containerPortal = 3DF4553729E6E967002FB66D /* Project object */;
			proxyType = 1;
			remoteGlobalIDString = 3DF4553E29E6E967002FB66D;
			remoteInfo = Carvix;
		};
/* End PBXContainerItemProxy section */

/* Begin PBXFileReference section */
		3DF4553F29E6E967002FB66D /* Carvix.app */ = {isa = PBXFileReference; explicitFileType = wrapper.application; includeInIndex = 0; path = Carvix.app; sourceTree = BUILT_PRODUCTS_DIR; };
		3DF4554229E6E967002FB66D /* CarvixApp.swift */ = {isa = PBXFileReference; lastKnownFileType = sourcecode.swift; path = CarvixApp.swift; sourceTree = "<group>"; };
		3DF4554429E6E967002FB66D /* ContentView.swift */ = {isa = PBXFileReference; lastKnownFileType = sourcecode.swift; path = ContentView.swift; sourceTree = "<group>"; };
		3DF4554629E6E968002FB66D /* Assets.xcassets */ = {isa = PBXFileReference; lastKnownFileType = folder.assetcatalog; path = Assets.xcassets; sourceTree = "<group>"; };
		3DF4554929E6E968002FB66D /* Preview Assets.xcassets */ = {isa = PBXFileReference; lastKnownFileType = folder.assetcatalog; path = "Preview Assets.xcassets"; sourceTree = "<group>"; };
		3DF4554F29E6E968002FB66D /* CarvixTests.xctest */ = {isa = PBXFileReference; explicitFileType = wrapper.cfbundle; includeInIndex = 0; path = CarvixTests.xctest; sourceTree = BUILT_PRODUCTS_DIR; };
		3DF4555329E6E968002FB66D /* CarvixTests.swift */ = {isa = PBXFileReference; lastKnownFileType = sourcecode.swift; path = CarvixTests.swift; sourceTree = "<group>"; };
		3DF4555929E6E968002FB66D /* CarvixUITests.xctest */ = {isa = PBXFileReference; explicitFileType = wrapper.cfbundle; includeInIndex = 0; path = CarvixUITests.xctest; sourceTree = BUILT_PRODUCTS_DIR; };
		3DF4555D29E6E968002FB66D /* CarvixUITests.swift */ = {isa = PBXFileReference; lastKnownFileType = sourcecode.swift; path = CarvixUITests.swift; sourceTree = "<group>"; };
		3DF4555F29E6E968002FB66D /* CarvixUITestsLaunchTests.swift */ = {isa = PBXFileReference; lastKnownFileType = sourcecode.swift; path = CarvixUITestsLaunchTests.swift; sourceTree = "<group>"; };
/* End PBXFileReference section */

/* Begin PBXFrameworksBuildPhase section */
		3DF4553C29E6E967002FB66D /* Frameworks */ = {
			isa = PBXFrameworksBuildPhase;
			buildActionMask = 2147483647;
			files = (
			);
			runOnlyForDeploymentPostprocessing = 0;
		};
		3DF4554C29E6E968002FB66D /* Frameworks */ = {
			isa = PBXFrameworksBuildPhase;
			buildActionMask = 2147483647;
			files = (
			);
			runOnlyForDeploymentPostprocessing = 0;
		};
		3DF4555629E6E968002FB66D /* Frameworks */ = {
			isa = PBXFrameworksBuildPhase;
			buildActionMask = 2147483647;
			files = (
			);
			runOnlyForDeploymentPostprocessing = 0;
		};
/* End PBXFrameworksBuildPhase section */

/* Begin PBXGroup section */
		3DF4553629E6E967002FB66D = {
			isa = PBXGroup;
			children = (
				3DF4554129E6E967002FB66D /* Carvix */,
				3DF4555229E6E968002FB66D /* CarvixTests */,
				3DF4555C29E6E968002FB66D /* CarvixUITests */,
				3DF4554029E6E967002FB66D /* Products */,
			);
			sourceTree = "<group>";
		};
		3DF4554029E6E967002FB66D /* Products */ = {
			isa = PBXGroup;
			children = (
				3DF4553F29E6E967002FB66D /* Carvix.app */,
				3DF4554F29E6E968002FB66D /* CarvixTests.xctest */,
				3DF4555929E6E968002FB66D /* CarvixUITests.xctest */,
			);
			name = Products;
			sourceTree = "<group>";
		};
		3DF4554129E6E967002FB66D /* Carvix */ = {
			isa = PBXGroup;
			children = (
				3DF4554229E6E967002FB66D /* CarvixApp.swift */,
				3DF4554429E6E967002FB66D /* ContentView.swift */,
				3DF4554629E6E968002FB66D /* Assets.xcassets */,
				3DF4554829E6E968002FB66D /* Preview Content */,
			);
			path = Carvix;
			sourceTree = "<group>";
		};
		3DF4554829E6E968002FB66D /* Preview Content */ = {
			isa = PBXGroup;
			children = (
				3DF4554929E6E968002FB66D /* Preview Assets.xcassets */,
			);
			path = "Preview Content";
			sourceTree = "<group>";
		};
		3DF4555229E6E968002FB66D /* CarvixTests */ = {
			isa = PBXGroup;
			children = (
				3DF4555329E6E968002FB66D /* CarvixTests.swift */,
			);
			path = CarvixTests;
			sourceTree = "<group>";
		};
		3DF4555C29E6E968002FB66D /* CarvixUITests */ = {
			isa = PBXGroup;
			children = (
				3DF4555D29E6E968002FB66D /* CarvixUITests.swift */,
				3DF4555F29E6E968002FB66D /* CarvixUITestsLaunchTests.swift */,
			);
			path = CarvixUITests;
			sourceTree = "<group>";
		};
/* End PBXGroup section */

/* Begin PBXNativeTarget section */
		3DF4553E29E6E967002FB66D /* Carvix */ = {
			isa = PBXNativeTarget;
			buildConfigurationList = 3DF4556329E6E968002FB66D /* Build configuration list for PBXNativeTarget "Carvix" */;
			buildPhases = (
				3DF4553B29E6E967002FB66D /* Sources */,
				3DF4553C29E6E967002FB66D /* Frameworks */,
				3DF4553D29E6E967002FB66D /* Resources */,
			);
			buildRules = (
			);
			dependencies = (
			);
			name = Carvix;
			productName = Carvix;
			productReference = 3DF4553F29E6E967002FB66D /* Carvix.app */;
			productType = "com.apple.product-type.application";
		};
		3DF4554E29E6E968002FB66D /* CarvixTests */ = {
			isa = PBXNativeTarget;
			buildConfigurationList = 3DF4556629E6E968002FB66D /* Build configuration list for PBXNativeTarget "CarvixTests" */;
			buildPhases = (
				3DF4554B29E6E968002FB66D /* Sources */,
				3DF4554C29E6E968002FB66D /* Frameworks */,
				3DF4554D29E6E968002FB66D /* Resources */,
			);
			buildRules = (
			);
			dependencies = (
				3DF4555129E6E968002FB66D /* PBXTargetDependency */,
			);
			name = CarvixTests;
			productName = CarvixTests;
			productReference = 3DF4554F29E6E968002FB66D /* CarvixTests.xctest */;
			productType = "com.apple.product-type.bundle.unit-test";
		};
		3DF4555829E6E968002FB66D /* CarvixUITests */ = {
			isa = PBXNativeTarget;
			buildConfigurationList = 3DF4556929E6E968002FB66D /* Build configuration list for PBXNativeTarget "CarvixUITests" */;
			buildPhases = (
				3DF4555529E6E968002FB66D /* Sources */,
				3DF4555629E6E968002FB66D /* Frameworks */,
				3DF4555729E6E968002FB66D /* Resources */,
			);
			buildRules = (
			);
			dependencies = (
				3DF4555B29E6E968002FB66D /* PBXTargetDependency */,
			);
			name = CarvixUITests;
			productName = CarvixUITests;
			productReference = 3DF4555929E6E968002FB66D /* CarvixUITests.xctest */;
			productType = "com.apple.product-type.bundle.ui-testing";
		};
/* End PBXNativeTarget section */

/* Begin PBXProject section */
		3DF4553729E6E967002FB66D /* Project object */ = {
			isa = PBXProject;
			attributes = {
				BuildIndependentTargetsInParallel = 1;
				LastSwiftUpdateCheck = 1430;
				LastUpgradeCheck = 1430;
				TargetAttributes = {
					3DF4553E29E6E967002FB66D = {
						CreatedOnToolsVersion = 14.3;
					};
					3DF4554E29E6E968002FB66D = {
						CreatedOnToolsVersion = 14.3;
						TestTargetID = 3DF4553E29E6E967002FB66D;
					};
					3DF4555829E6E968002FB66D = {
						CreatedOnToolsVersion = 14.3;
						TestTargetID = 3DF4553E29E6E967002FB66D;
					};
				};
			};
			buildConfigurationList = 3DF4553A29E6E967002FB66D /* Build configuration list for PBXProject "Carvix" */;
			compatibilityVersion = "Xcode 14.0";
			developmentRegion = en;
			hasScannedForEncodings = 0;
			knownRegions = (
				en,
				Base,
			);
			mainGroup = 3DF4553629E6E967002FB66D;
			productRefGroup = 3DF4554029E6E967002FB66D /* Products */;
			projectDirPath = "";
			projectRoot = "";
			targets = (
				3DF4553E29E6E967002FB66D /* Carvix */,
				3DF4554E29E6E968002FB66D /* CarvixTests */,
				3DF4555829E6E968002FB66D /* CarvixUITests */,
			);
		};
/* End PBXProject section */

/* Begin PBXResourcesBuildPhase section */
		3DF4553D29E6E967002FB66D /* Resources */ = {
			isa = PBXResourcesBuildPhase;
			buildActionMask = 2147483647;
			files = (
				3DF4554A29E6E968002FB66D /* Preview Assets.xcassets in Resources */,
				3DF4554729E6E968002FB66D /* Assets.xcassets in Resources */,
			);
			runOnlyForDeploymentPostprocessing = 0;
		};
		3DF4554D29E6E968002FB66D /* Resources */ = {
			isa = PBXResourcesBuildPhase;
			buildActionMask = 2147483647;
			files = (
			);
			runOnlyForDeploymentPostprocessing = 0;
		};
		3DF4555729E6E968002FB66D /* Resources */ = {
			isa = PBXResourcesBuildPhase;
			buildActionMask = 2147483647;
			files = (
			);
			runOnlyForDeploymentPostprocessing = 0;
		};
/* End PBXResourcesBuildPhase section */

/* Begin PBXSourcesBuildPhase section */
		3DF4553B29E6E967002FB66D /* Sources */ = {
			isa = PBXSourcesBuildPhase;
			buildActionMask = 2147483647;
			files = (
				3DF4554529E6E967002FB66D /* ContentView.swift in Sources */,
				3DF4554329E6E967002FB66D /* CarvixApp.swift in Sources */,
			);
			runOnlyForDeploymentPostprocessing = 0;
		};
		3DF4554B29E6E968002FB66D /* Sources */ = {
			isa = PBXSourcesBuildPhase;
			buildActionMask = 2147483647;
			files = (
				3DF4555429E6E968002FB66D /* CarvixTests.swift in Sources */,
			);
			runOnlyForDeploymentPostprocessing = 0;
		};
		3DF4555529E6E968002FB66D /* Sources */ = {
			isa = PBXSourcesBuildPhase;
			buildActionMask = 2147483647;
			files = (
				3DF4555E29E6E968002FB66D /* CarvixUITests.swift in Sources */,
				3DF4556029E6E968002FB66D /* CarvixUITestsLaunchTests.swift in Sources */,
			);
			runOnlyForDeploymentPostprocessing = 0;
		};
/* End PBXSourcesBuildPhase section */

/* Begin PBXTargetDependency section */
		3DF4555129E6E968002FB66D /* PBXTargetDependency */ = {
			isa = PBXTargetDependency;
			target = 3DF4553E29E6E967002FB66D /* Carvix */;
			targetProxy = 3DF4555029E6E968002FB66D /* PBXContainerItemProxy */;
		};
		3DF4555B29E6E968002FB66D /* PBXTargetDependency */ = {
			isa = PBXTargetDependency;
			target = 3DF4553E29E6E967002FB66D /* Carvix */;
			targetProxy = 3DF4555A29E6E968002FB66D /* PBXContainerItemProxy */;
		};
/* End PBXTargetDependency section */

/* Begin XCBuildConfiguration section */
		3DF4556129E6E968002FB66D /* Debug */ = {
			isa = XCBuildConfiguration;
			buildSettings = {
				ALWAYS_SEARCH_USER_PATHS = NO;
				CLANG_ANALYZER_NONNULL = YES;
				CLANG_ANALYZER_NUMBER_OBJECT_CONVERSION = YES_AGGRESSIVE;
				CLANG_CXX_LANGUAGE_STANDARD = "gnu++20";
				CLANG_ENABLE_MODULES = YES;
				CLANG_ENABLE_OBJC_ARC = YES;
				CLANG_ENABLE_OBJC_WEAK = YES;
				CLANG_WARN_BLOCK_CAPTURE_AUTORELEASING = YES;
				CLANG_WARN_BOOL_CONVERSION = YES;
				CLANG_WARN_COMMA = YES;
				CLANG_WARN_CONSTANT_CONVERSION = YES;
				CLANG_WARN_DEPRECATED_OBJC_IMPLEMENTATIONS = YES;
				CLANG_WARN_DIRECT_OBJC_ISA_USAGE = YES_ERROR;
				CLANG_WARN_DOCUMENTATION_COMMENTS = YES;
				CLANG_WARN_EMPTY_BODY = YES;
				CLANG_WARN_ENUM_CONVERSION = YES;
				CLANG_WARN_INFINITE_RECURSION = YES;
				CLANG_WARN_INT_CONVERSION = YES;
				CLANG_WARN_NON_LITERAL_NULL_CONVERSION = YES;
				CLANG_WARN_OBJC_IMPLICIT_RETAIN_SELF = YES;
				CLANG_WARN_OBJC_LITERAL_CONVERSION = YES;
				CLANG_WARN_OBJC_ROOT_CLASS = YES_ERROR;
				CLANG_WARN_QUOTED_INCLUDE_IN_FRAMEWORK_HEADER = YES;
				CLANG_WARN_RANGE_LOOP_ANALYSIS = YES;
				CLANG_WARN_STRICT_PROTOTYPES = YES;
				CLANG_WARN_SUSPICIOUS_MOVE = YES;
				CLANG_WARN_UNGUARDED_AVAILABILITY = YES_AGGRESSIVE;
				CLANG_WARN_UNREACHABLE_CODE = YES;
				CLANG_WARN__DUPLICATE_METHOD_MATCH = YES;
				COPY_PHASE_STRIP = NO;
				DEBUG_INFORMATION_FORMAT = dwarf;
				ENABLE_STRICT_OBJC_MSGSEND = YES;
				ENABLE_TESTABILITY = YES;
				GCC_C_LANGUAGE_STANDARD = gnu11;
				GCC_DYNAMIC_NO_PIC = NO;
				GCC_NO_COMMON_BLOCKS = YES;
				GCC_OPTIMIZATION_LEVEL = 0;
				GCC_PREPROCESSOR_DEFINITIONS = (
					"DEBUG=1",
					"$(inherited)",
				);
				GCC_WARN_64_TO_32_BIT_CONVERSION = YES;
				GCC_WARN_ABOUT_RETURN_TYPE = YES_ERROR;
				GCC_WARN_UNDECLARED_SELECTOR = YES;
				GCC_WARN_UNINITIALIZED_AUTOS = YES_AGGRESSIVE;
				GCC_WARN_UNUSED_FUNCTION = YES;
				GCC_WARN_UNUSED_VARIABLE = YES;
				IPHONEOS_DEPLOYMENT_TARGET = 16.4;
				MTL_ENABLE_DEBUG_INFO = INCLUDE_SOURCE;
				MTL_FAST_MATH = YES;
				ONLY_ACTIVE_ARCH = YES;
				SDKROOT = iphoneos;
				SWIFT_ACTIVE_COMPILATION_CONDITIONS = DEBUG;
				SWIFT_OPTIMIZATION_LEVEL = "-Onone";
			};
			name = Debug;
		};
		3DF4556229E6E968002FB66D /* Release */ = {
			isa = XCBuildConfiguration;
			buildSettings = {
				ALWAYS_SEARCH_USER_PATHS = NO;
				CLANG_ANALYZER_NONNULL = YES;
				CLANG_ANALYZER_NUMBER_OBJECT_CONVERSION = YES_AGGRESSIVE;
				CLANG_CXX_LANGUAGE_STANDARD = "gnu++20";
				CLANG_ENABLE_MODULES = YES;
				CLANG_ENABLE_OBJC_ARC = YES;
				CLANG_ENABLE_OBJC_WEAK = YES;
				CLANG_WARN_BLOCK_CAPTURE_AUTORELEASING = YES;
				CLANG_WARN_BOOL_CONVERSION = YES;
				CLANG_WARN_COMMA = YES;
				CLANG_WARN_CONSTANT_CONVERSION = YES;
				CLANG_WARN_DEPRECATED_OBJC_IMPLEMENTATIONS = YES;
				CLANG_WARN_DIRECT_OBJC_ISA_USAGE = YES_ERROR;
				CLANG_WARN_DOCUMENTATION_COMMENTS = YES;
				CLANG_WARN_EMPTY_BODY = YES;
				CLANG_WARN_ENUM_CONVERSION = YES;
				CLANG_WARN_INFINITE_RECURSION = YES;
				CLANG_WARN_INT_CONVERSION = YES;
				CLANG_WARN_NON_LITERAL_NULL_CONVERSION = YES;
				CLANG_WARN_OBJC_IMPLICIT_RETAIN_SELF = YES;
				CLANG_WARN_OBJC_LITERAL_CONVERSION = YES;
				CLANG_WARN_OBJC_ROOT_CLASS = YES_ERROR;
				CLANG_WARN_QUOTED_INCLUDE_IN_FRAMEWORK_HEADER = YES;
				CLANG_WARN_RANGE_LOOP_ANALYSIS = YES;
				CLANG_WARN_STRICT_PROTOTYPES = YES;
				CLANG_WARN_SUSPICIOUS_MOVE = YES;
				CLANG_WARN_UNGUARDED_AVAILABILITY = YES_AGGRESSIVE;
				CLANG_WARN_UNREACHABLE_CODE = YES;
				CLANG_WARN__DUPLICATE_METHOD_MATCH = YES;
				COPY_PHASE_STRIP = NO;
				DEBUG_INFORMATION_FORMAT = "dwarf-with-dsym";
				ENABLE_NS_ASSERTIONS = NO;
				ENABLE_STRICT_OBJC_MSGSEND = YES;
				GCC_C_LANGUAGE_STANDARD = gnu11;
				GCC_NO_COMMON_BLOCKS = YES;
				GCC_WARN_64_TO_32_BIT_CONVERSION = YES;
				GCC_WARN_ABOUT_RETURN_TYPE = YES_ERROR;
				GCC_WARN_UNDECLARED_SELECTOR = YES;
				GCC_WARN_UNINITIALIZED_AUTOS = YES_AGGRESSIVE;
				GCC_WARN_UNUSED_FUNCTION = YES;
				GCC_WARN_UNUSED_VARIABLE = YES;
				IPHONEOS_DEPLOYMENT_TARGET = 16.4;
				MTL_ENABLE_DEBUG_INFO = NO;
				MTL_FAST_MATH = YES;
				SDKROOT = iphoneos;
				SWIFT_COMPILATION_MODE = wholemodule;
				SWIFT_OPTIMIZATION_LEVEL = "-O";
				VALIDATE_PRODUCT = YES;
			};
			name = Release;
		};
		3DF4556429E6E968002FB66D /* Debug */ = {
			isa = XCBuildConfiguration;
			buildSettings = {
				ASSETCATALOG_COMPILER_APPICON_NAME = AppIcon;
				ASSETCATALOG_COMPILER_GLOBAL_ACCENT_COLOR_NAME = AccentColor;
				CODE_SIGN_STYLE = Automatic;
				CURRENT_PROJECT_VERSION = 1;
				DEVELOPMENT_ASSET_PATHS = "\"Carvix/Preview Content\"";
				ENABLE_PREVIEWS = YES;
				GENERATE_INFOPLIST_FILE = YES;
				INFOPLIST_KEY_UIApplicationSceneManifest_Generation = YES;
				INFOPLIST_KEY_UIApplicationSupportsIndirectInputEvents = YES;
				INFOPLIST_KEY_UILaunchScreen_Generation = YES;
				INFOPLIST_KEY_UISupportedInterfaceOrientations_iPad = "UIInterfaceOrientationPortrait UIInterfaceOrientationPortraitUpsideDown UIInterfaceOrientationLandscapeLeft UIInterfaceOrientationLandscapeRight";
				INFOPLIST_KEY_UISupportedInterfaceOrientations_iPhone = "UIInterfaceOrientationPortrait UIInterfaceOrientationLandscapeLeft UIInterfaceOrientationLandscapeRight";
				LD_RUNPATH_SEARCH_PATHS = (
					"$(inherited)",
					"@executable_path/Frameworks",
				);
				MARKETING_VERSION = 1.0;
				PRODUCT_BUNDLE_IDENTIFIER = luttermann.Carvix;
				PRODUCT_NAME = "$(TARGET_NAME)";
				SWIFT_EMIT_LOC_STRINGS = YES;
				SWIFT_VERSION = 5.0;
				TARGETED_DEVICE_FAMILY = "1,2";
			};
			name = Debug;
		};
		3DF4556529E6E968002FB66D /* Release */ = {
			isa = XCBuildConfiguration;
			buildSettings = {
				ASSETCATALOG_COMPILER_APPICON_NAME = AppIcon;
				ASSETCATALOG_COMPILER_GLOBAL_ACCENT_COLOR_NAME = AccentColor;
				CODE_SIGN_STYLE = Automatic;
				CURRENT_PROJECT_VERSION = 1;
				DEVELOPMENT_ASSET_PATHS = "\"Carvix/Preview Content\"";
				ENABLE_PREVIEWS = YES;
				GENERATE_INFOPLIST_FILE = YES;
				INFOPLIST_KEY_UIApplicationSceneManifest_Generation = YES;
				INFOPLIST_KEY_UIApplicationSupportsIndirectInputEvents = YES;
				INFOPLIST_KEY_UILaunchScreen_Generation = YES;
				INFOPLIST_KEY_UISupportedInterfaceOrientations_iPad = "UIInterfaceOrientationPortrait UIInterfaceOrientationPortraitUpsideDown UIInterfaceOrientationLandscapeLeft UIInterfaceOrientationLandscapeRight";
				INFOPLIST_KEY_UISupportedInterfaceOrientations_iPhone = "UIInterfaceOrientationPortrait UIInterfaceOrientationLandscapeLeft UIInterfaceOrientationLandscapeRight";
				LD_RUNPATH_SEARCH_PATHS = (
					"$(inherited)",
					"@executable_path/Frameworks",
				);
				MARKETING_VERSION = 1.0;
				PRODUCT_BUNDLE_IDENTIFIER = luttermann.Carvix;
				PRODUCT_NAME = "$(TARGET_NAME)";
				SWIFT_EMIT_LOC_STRINGS = YES;
				SWIFT_VERSION = 5.0;
				TARGETED_DEVICE_FAMILY = "1,2";
			};
			name = Release;
		};
		3DF4556729E6E968002FB66D /* Debug */ = {
			isa = XCBuildConfiguration;
			buildSettings = {
				ALWAYS_EMBED_SWIFT_STANDARD_LIBRARIES = YES;
				BUNDLE_LOADER = "$(TEST_HOST)";
				CODE_SIGN_STYLE = Automatic;
				CURRENT_PROJECT_VERSION = 1;
				GENERATE_INFOPLIST_FILE = YES;
				IPHONEOS_DEPLOYMENT_TARGET = 16.4;
				MARKETING_VERSION = 1.0;
				PRODUCT_BUNDLE_IDENTIFIER = luttermann.CarvixTests;
				PRODUCT_NAME = "$(TARGET_NAME)";
				SWIFT_EMIT_LOC_STRINGS = NO;
				SWIFT_VERSION = 5.0;
				TARGETED_DEVICE_FAMILY = "1,2";
				TEST_HOST = "$(BUILT_PRODUCTS_DIR)/Carvix.app/$(BUNDLE_EXECUTABLE_FOLDER_PATH)/Carvix";
			};
			name = Debug;
		};
		3DF4556829E6E968002FB66D /* Release */ = {
			isa = XCBuildConfiguration;
			buildSettings = {
				ALWAYS_EMBED_SWIFT_STANDARD_LIBRARIES = YES;
				BUNDLE_LOADER = "$(TEST_HOST)";
				CODE_SIGN_STYLE = Automatic;
				CURRENT_PROJECT_VERSION = 1;
				GENERATE_INFOPLIST_FILE = YES;
				IPHONEOS_DEPLOYMENT_TARGET = 16.4;
				MARKETING_VERSION = 1.0;
				PRODUCT_BUNDLE_IDENTIFIER = luttermann.CarvixTests;
				PRODUCT_NAME = "$(TARGET_NAME)";
				SWIFT_EMIT_LOC_STRINGS = NO;
				SWIFT_VERSION = 5.0;
				TARGETED_DEVICE_FAMILY = "1,2";
				TEST_HOST = "$(BUILT_PRODUCTS_DIR)/Carvix.app/$(BUNDLE_EXECUTABLE_FOLDER_PATH)/Carvix";
			};
			name = Release;
		};
		3DF4556A29E6E968002FB66D /* Debug */ = {
			isa = XCBuildConfiguration;
			buildSettings = {
				ALWAYS_EMBED_SWIFT_STANDARD_LIBRARIES = YES;
				CODE_SIGN_STYLE = Automatic;
				CURRENT_PROJECT_VERSION = 1;
				GENERATE_INFOPLIST_FILE = YES;
				MARKETING_VERSION = 1.0;
				PRODUCT_BUNDLE_IDENTIFIER = luttermann.CarvixUITests;
				PRODUCT_NAME = "$(TARGET_NAME)";
				SWIFT_EMIT_LOC_STRINGS = NO;
				SWIFT_VERSION = 5.0;
				TARGETED_DEVICE_FAMILY = "1,2";
				TEST_TARGET_NAME = Carvix;
			};
			name = Debug;
		};
		3DF4556B29E6E968002FB66D /* Release */ = {
			isa = XCBuildConfiguration;
			buildSettings = {
				ALWAYS_EMBED_SWIFT_STANDARD_LIBRARIES = YES;
				CODE_SIGN_STYLE = Automatic;
				CURRENT_PROJECT_VERSION = 1;
				GENERATE_INFOPLIST_FILE = YES;
				MARKETING_VERSION = 1.0;
				PRODUCT_BUNDLE_IDENTIFIER = luttermann.CarvixUITests;
				PRODUCT_NAME = "$(TARGET_NAME)";
				SWIFT_EMIT_LOC_STRINGS = NO;
				SWIFT_VERSION = 5.0;
				TARGETED_DEVICE_FAMILY = "1,2";
				TEST_TARGET_NAME = Carvix;
			};
			name = Release;
		};
/* End XCBuildConfiguration section */

/* Begin XCConfigurationList section */
		3DF4553A29E6E967002FB66D /* Build configuration list for PBXProject "Carvix" */ = {
			isa = XCConfigurationList;
			buildConfigurations = (
				3DF4556129E6E968002FB66D /* Debug */,
				3DF4556229E6E968002FB66D /* Release */,
			);
			defaultConfigurationIsVisible = 0;
			defaultConfigurationName = Release;
		};
		3DF4556329E6E968002FB66D /* Build configuration list for PBXNativeTarget "Carvix" */ = {
			isa = XCConfigurationList;
			buildConfigurations = (
				3DF4556429E6E968002FB66D /* Debug */,
				3DF4556529E6E968002FB66D /* Release */,
			);
			defaultConfigurationIsVisible = 0;
			defaultConfigurationName = Release;
		};
		3DF4556629E6E968002FB66D /* Build configuration list for PBXNativeTarget "CarvixTests" */ = {
			isa = XCConfigurationList;
			buildConfigurations = (
				3DF4556729E6E968002FB66D /* Debug */,
				3DF4556829E6E968002FB66D /* Release */,
			);
			defaultConfigurationIsVisible = 0;
			defaultConfigurationName = Release;
		};
		3DF4556929E6E968002FB66D /* Build configuration list for PBXNativeTarget "CarvixUITests" */ = {
			isa = XCConfigurationList;
			buildConfigurations = (
				3DF4556A29E6E968002FB66D /* Debug */,
				3DF4556B29E6E968002FB66D /* Release */,
			);
			defaultConfigurationIsVisible = 0;
			defaultConfigurationName = Release;
		};
/* End XCConfigurationList section */
	};
	rootObject = 3DF4553729E6E967002FB66D /* Project object */;
}
